
Microsoft Visual Studio Solution File, Format Version 12.00
# Visual Studio 14
VisualStudioVersion = 14.0.25123.0
MinimumVisualStudioVersion = 10.0.40219.1
Project("{FAE04EC0-301F-11D3-BF4B-00C04F79EFBC}") = "goods", "goods\goods.csproj", "{CC9BC55D-4F1E-414F-93C7-7F2AFE1A61BE}"
EndProject
Project("{FAE04EC0-301F-11D3-BF4B-00C04F79EFBC}") = "Observer", "Observer\Observer.csproj", "{29CAEFA9-84E4-4EBB-8C3F-96EC25073EE0}"
EndProject
Global
	GlobalSection(SolutionConfigurationPlatforms) = preSolution
		Debug|Any CPU = Debug|Any CPU
		Release|Any CPU = Release|Any CPU
	EndGlobalSection
	GlobalSection(ProjectConfigurationPlatforms) = postSolution
		{CC9BC55D-4F1E-414F-93C7-7F2AFE1A61BE}.Debug|Any CPU.ActiveCfg = Debug|Any CPU
		{CC9BC55D-4F1E-414F-93C7-7F2AFE1A61BE}.Debug|Any CPU.Build.0 = Debug|Any CPU
		{CC9BC55D-4F1E-414F-93C7-7F2AFE1A61BE}.Release|Any CPU.ActiveCfg = Release|Any CPU
		{CC9BC55D-4F1E-414F-93C7-7F2AFE1A61BE}.Release|Any CPU.Build.0 = Release|Any CPU
		{29CAEFA9-84E4-4EBB-8C3F-96EC25073EE0}.Debug|Any CPU.ActiveCfg = Debug|Any CPU
		{29CAEFA9-84E4-4EBB-8C3F-96EC25073EE0}.Debug|Any CPU.Build.0 = Debug|Any CPU
		{29CAEFA9-84E4-4EBB-8C3F-96EC25073EE0}.Release|Any CPU.ActiveCfg = Release|Any CPU
		{29CAEFA9-84E4-4EBB-8C3F-96EC25073EE0}.Release|Any CPU.Build.0 = Release|Any CPU
	EndGlobalSection
	GlobalSection(SolutionProperties) = preSolution
		HideSolutionNode = FALSE
	EndGlobalSection
EndGlobal
